{
  "nodes": {
    "flake-utils": {
      "locked": {
        "lastModified": 1659877975,
        "narHash": "sha256-zllb8aq3YO3h8B/U0/J1WBgAL8EX5yWf5pMj3G0NAmc=",
        "owner": "numtide",
        "repo": "flake-utils",
        "rev": "c0e246b9b83f637f4681389ecabcb2681b4f3af0",
        "type": "github"
      },
      "original": {
        "owner": "numtide",
        "repo": "flake-utils",
        "type": "github"
      }
    },
    "flake-utils_2": {
      "locked": {
        "lastModified": 1649676176,
        "narHash": "sha256-OWKJratjt2RW151VUlJPRALb7OU2S5s+f0vLj4o1bHM=",
        "owner": "numtide",
        "repo": "flake-utils",
        "rev": "a4b154ebbdc88c8498a5c7b01589addc9e9cb678",
        "type": "github"
      },
      "original": {
        "owner": "numtide",
        "repo": "flake-utils",
        "type": "github"
      }
    },
    "nix-dart": {
      "inputs": {
        "flake-utils": "flake-utils_2",
        "nixpkgs": "nixpkgs",
        "pub2nix": "pub2nix"
      },
      "locked": {
        "lastModified": 1664396700,
        "narHash": "sha256-bkB6U6Anu5xeX3P7kZFrcGABfg4DZgvi3SRgEpXGXP0=",
        "owner": "Cir0X",
        "repo": "nix-dart",
        "rev": "d4158692f6fb28a837c398e9f8d091c0e5b05ab2",
        "type": "github"
      },
      "original": {
        "owner": "Cir0X",
        "repo": "nix-dart",
        "type": "github"
      }
    },
    "nixpkgs": {
      "locked": {
        "lastModified": 1652133925,
        "narHash": "sha256-kfATGChLe9/fQVZkXN9G71JAVMlhePv1qDbaRKklkQs=",
        "owner": "NixOS",
        "repo": "nixpkgs",
        "rev": "51d859cdab1ef58755bd342d45352fc607f5e59b",
        "type": "github"
      },
      "original": {
        "id": "nixpkgs",
        "type": "indirect"
      }
    },
    "nixpkgs_2": {
      "locked": {
        "lastModified": 1665087388,
        "narHash": "sha256-FZFPuW9NWHJteATOf79rZfwfRn5fE0wi9kRzvGfDHPA=",
        "owner": "NixOS",
        "repo": "nixpkgs",
        "rev": "95fda953f6db2e9496d2682c4fc7b82f959878f7",
        "type": "github"
      },
      "original": {
        "id": "nixpkgs",
        "type": "indirect"
      }
    },
    "pub2nix": {
      "flake": false,
      "locked": {
        "lastModified": 1658857493,
        "narHash": "sha256-1JdcFEmjwlr0NGNbB3fgYqaUZPJbaFnxYifNPoL3bio=",
        "owner": "cir0x",
        "repo": "pub2nix",
        "rev": "47e6ab2e061e0c7a0ae6a949a8c6b34daf3ac298",
        "type": "github"
      },
      "original": {
        "owner": "cir0x",
        "repo": "pub2nix",
        "type": "github"
      }
    },
    "root": {
      "inputs": {
        "flake-utils": "flake-utils",
        "nix-dart": "nix-dart",
        "nixpkgs": "nixpkgs_2"
      }
    }
  },
  "root": "root",
  "version": 7
}
